
Microsoft Visual Studio Solution File, Format Version 11.00
# Visual Studio 2010
Project("{FAE04EC0-301F-11D3-BF4B-00C04F79EFBC}") = "Assembly-CSharp", "Assembly-CSharp.csproj", "{D0163A5D-4BA0-4EFC-98EB-4F6527533D16}"
EndProject
Project("{FAE04EC0-301F-11D3-BF4B-00C04F79EFBC}") = "Assembly-CSharp-firstpass", "Assembly-CSharp-firstpass.csproj", "{AE60E1DC-E560-A0BB-6113-DAA6E424825F}"
EndProject
Global
	GlobalSection(SolutionConfigurationPlatforms) = preSolution
		Debug|Any CPU = Debug|Any CPU
		Release|Any CPU = Release|Any CPU
	EndGlobalSection
	GlobalSection(ProjectConfigurationPlatforms) = postSolution
		{D0163A5D-4BA0-4EFC-98EB-4F6527533D16}.Debug|Any CPU.ActiveCfg = Debug|Any CPU
		{D0163A5D-4BA0-4EFC-98EB-4F6527533D16}.Debug|Any CPU.Build.0 = Debug|Any CPU
		{D0163A5D-4BA0-4EFC-98EB-4F6527533D16}.Release|Any CPU.ActiveCfg = Release|Any CPU
		{D0163A5D-4BA0-4EFC-98EB-4F6527533D16}.Release|Any CPU.Build.0 = Release|Any CPU
		{AE60E1DC-E560-A0BB-6113-DAA6E424825F}.Debug|Any CPU.ActiveCfg = Debug|Any CPU
		{AE60E1DC-E560-A0BB-6113-DAA6E424825F}.Debug|Any CPU.Build.0 = Debug|Any CPU
		{AE60E1DC-E560-A0BB-6113-DAA6E424825F}.Release|Any CPU.ActiveCfg = Release|Any CPU
		{AE60E1DC-E560-A0BB-6113-DAA6E424825F}.Release|Any CPU.Build.0 = Release|Any CPU
	EndGlobalSection
	GlobalSection(SolutionProperties) = preSolution
		HideSolutionNode = FALSE
	EndGlobalSection
	GlobalSection(MonoDevelopProperties) = preSolution
		StartupItem = Assembly-CSharp.csproj
	EndGlobalSection
EndGlobal
